
Microsoft Visual Studio Solution File, Format Version 12.00
# Visual Studio Version 16
VisualStudioVersion = 25.0.1704.2
MinimumVisualStudioVersion = 10.0.40219.1
Project("{FAE04EC0-301F-11D3-BF4B-00C04F79EFBC}") = "HelloWorl", "HelloWorl\HelloWorl.csproj", "{7B9E4778-2095-45A9-AB79-D8EC48BF14F5}"
EndProject
Global
	GlobalSection(SolutionConfigurationPlatforms) = preSolution
		Debug|Any CPU = Debug|Any CPU
		Release|Any CPU = Release|Any CPU
	EndGlobalSection
	GlobalSection(ProjectConfigurationPlatforms) = postSolution
		{7B9E4778-2095-45A9-AB79-D8EC48BF14F5}.Debug|Any CPU.ActiveCfg = Debug|Any CPU
		{7B9E4778-2095-45A9-AB79-D8EC48BF14F5}.Debug|Any CPU.Build.0 = Debug|Any CPU
		{7B9E4778-2095-45A9-AB79-D8EC48BF14F5}.Release|Any CPU.ActiveCfg = Release|Any CPU
		{7B9E4778-2095-45A9-AB79-D8EC48BF14F5}.Release|Any CPU.Build.0 = Release|Any CPU
	EndGlobalSection
	GlobalSection(SolutionProperties) = preSolution
		HideSolutionNode = FALSE
	EndGlobalSection
	GlobalSection(ExtensibilityGlobals) = postSolution
		SolutionGuid = {72DEA6B8-78B6-4735-AC98-F5F22B2882D8}
	EndGlobalSection
EndGlobal
